// !$*UTF8*$!
{
	archiveVersion = 1;
	classes = {
	};
	objectVersion = 46;
	objects = {

/* Begin PBXBuildFile section */
		0EC5B8AC1634E45F00C7C1C8 /* UIKit.framework in Frameworks */ = {isa = PBXBuildFile; fileRef = 0EC5B8AB1634E45F00C7C1C8 /* UIKit.framework */; };
		0EC5B8AE1634E45F00C7C1C8 /* Foundation.framework in Frameworks */ = {isa = PBXBuildFile; fileRef = 0EC5B8AD1634E45F00C7C1C8 /* Foundation.framework */; };
		0EC5B8B01634E45F00C7C1C8 /* CoreGraphics.framework in Frameworks */ = {isa = PBXBuildFile; fileRef = 0EC5B8AF1634E45F00C7C1C8 /* CoreGraphics.framework */; };
		0EC5B8B61634E45F00C7C1C8 /* InfoPlist.strings in Resources */ = {isa = PBXBuildFile; fileRef = 0EC5B8B41634E45F00C7C1C8 /* InfoPlist.strings */; };
		0EC5B8B81634E45F00C7C1C8 /* main.m in Sources */ = {isa = PBXBuildFile; fileRef = 0EC5B8B71634E45F00C7C1C8 /* main.m */; };
		0EC5B8BC1634E45F00C7C1C8 /* AppDelegate.m in Sources */ = {isa = PBXBuildFile; fileRef = 0EC5B8BB1634E45F00C7C1C8 /* AppDelegate.m */; };
		0EC5B8BF1634E45F00C7C1C8 /* ViewController.m in Sources */ = {isa = PBXBuildFile; fileRef = 0EC5B8BE1634E45F00C7C1C8 /* ViewController.m */; };
		0EC5B8C21634E45F00C7C1C8 /* ViewController.xib in Resources */ = {isa = PBXBuildFile; fileRef = 0EC5B8C01634E45F00C7C1C8 /* ViewController.xib */; };
/* End PBXBuildFile section */

/* Begin PBXFileReference section */
		0EC5B8A71634E45F00C7C1C8 /* Improve.app */ = {isa = PBXFileReference; explicitFileType = wrapper.application; includeInIndex = 0; path = Improve.app; sourceTree = BUILT_PRODUCTS_DIR; };
		0EC5B8AB1634E45F00C7C1C8 /* UIKit.framework */ = {isa = PBXFileReference; lastKnownFileType = wrapper.framework; name = UIKit.framework; path = System/Library/Frameworks/UIKit.framework; sourceTree = SDKROOT; };
		0EC5B8AD1634E45F00C7C1C8 /* Foundation.framework */ = {isa = PBXFileReference; lastKnownFileType = wrapper.framework; name = Foundation.framework; path = System/Library/Frameworks/Foundation.framework; sourceTree = SDKROOT; };
		0EC5B8AF1634E45F00C7C1C8 /* CoreGraphics.framework */ = {isa = PBXFileReference; lastKnownFileType = wrapper.framework; name = CoreGraphics.framework; path = System/Library/Frameworks/CoreGraphics.framework; sourceTree = SDKROOT; };
		0EC5B8B31634E45F00C7C1C8 /* Improve-Info.plist */ = {isa = PBXFileReference; lastKnownFileType = text.plist.xml; path = "Improve-Info.plist"; sourceTree = "<group>"; };
		0EC5B8B51634E45F00C7C1C8 /* en */ = {isa = PBXFileReference; lastKnownFileType = text.plist.strings; name = en; path = en.lproj/InfoPlist.strings; sourceTree = "<group>"; };
		0EC5B8B71634E45F00C7C1C8 /* main.m */ = {isa = PBXFileReference; lastKnownFileType = sourcecode.c.objc; path = main.m; sourceTree = "<group>"; };
		0EC5B8B91634E45F00C7C1C8 /* Improve-Prefix.pch */ = {isa = PBXFileReference; lastKnownFileType = sourcecode.c.h; path = "Improve-Prefix.pch"; sourceTree = "<group>"; };
		0EC5B8BA1634E45F00C7C1C8 /* AppDelegate.h */ = {isa = PBXFileReference; lastKnownFileType = sourcecode.c.h; path = AppDelegate.h; sourceTree = "<group>"; };
		0EC5B8BB1634E45F00C7C1C8 /* AppDelegate.m */ = {isa = PBXFileReference; lastKnownFileType = sourcecode.c.objc; path = AppDelegate.m; sourceTree = "<group>"; };
		0EC5B8BD1634E45F00C7C1C8 /* ViewController.h */ = {isa = PBXFileReference; lastKnownFileType = sourcecode.c.h; path = ViewController.h; sourceTree = "<group>"; };
		0EC5B8BE1634E45F00C7C1C8 /* ViewController.m */ = {isa = PBXFileReference; lastKnownFileType = sourcecode.c.objc; path = ViewController.m; sourceTree = "<group>"; };
		0EC5B8C11634E45F00C7C1C8 /* en */ = {isa = PBXFileReference; lastKnownFileType = file.xib; name = en; path = en.lproj/ViewController.xib; sourceTree = "<group>"; };
/* End PBXFileReference section */

/* Begin PBXFrameworksBuildPhase section */
		0EC5B8A41634E45F00C7C1C8 /* Frameworks */ = {
			isa = PBXFrameworksBuildPhase;
			buildActionMask = 2147483647;
			files = (
				0EC5B8AC1634E45F00C7C1C8 /* UIKit.framework in Frameworks */,
				0EC5B8AE1634E45F00C7C1C8 /* Foundation.framework in Frameworks */,
				0EC5B8B01634E45F00C7C1C8 /* CoreGraphics.framework in Frameworks */,
			);
			runOnlyForDeploymentPostprocessing = 0;
		};
/* End PBXFrameworksBuildPhase section */

/* Begin PBXGroup section */
		0EC5B89C1634E45F00C7C1C8 = {
			isa = PBXGroup;
			children = (
				0EC5B8B11634E45F00C7C1C8 /* Improve */,
				0EC5B8AA1634E45F00C7C1C8 /* Frameworks */,
				0EC5B8A81634E45F00C7C1C8 /* Products */,
			);
			sourceTree = "<group>";
		};
		0EC5B8A81634E45F00C7C1C8 /* Products */ = {
			isa = PBXGroup;
			children = (
				0EC5B8A71634E45F00C7C1C8 /* Improve.app */,
			);
			name = Products;
			sourceTree = "<group>";
		};
		0EC5B8AA1634E45F00C7C1C8 /* Frameworks */ = {
			isa = PBXGroup;
			children = (
				0EC5B8AB1634E45F00C7C1C8 /* UIKit.framework */,
				0EC5B8AD1634E45F00C7C1C8 /* Foundation.framework */,
				0EC5B8AF1634E45F00C7C1C8 /* CoreGraphics.framework */,
			);
			name = Frameworks;
			sourceTree = "<group>";
		};
		0EC5B8B11634E45F00C7C1C8 /* Improve */ = {
			isa = PBXGroup;
			children = (
				0EC5B8BA1634E45F00C7C1C8 /* AppDelegate.h */,
				0EC5B8BB1634E45F00C7C1C8 /* AppDelegate.m */,
				0EC5B8BD1634E45F00C7C1C8 /* ViewController.h */,
				0EC5B8BE1634E45F00C7C1C8 /* ViewController.m */,
				0EC5B8C01634E45F00C7C1C8 /* ViewController.xib */,
				0EC5B8B21634E45F00C7C1C8 /* Supporting Files */,
			);
			path = Improve;
			sourceTree = "<group>";
		};
		0EC5B8B21634E45F00C7C1C8 /* Supporting Files */ = {
			isa = PBXGroup;
			children = (
				0EC5B8B31634E45F00C7C1C8 /* Improve-Info.plist */,
				0EC5B8B41634E45F00C7C1C8 /* InfoPlist.strings */,
				0EC5B8B71634E45F00C7C1C8 /* main.m */,
				0EC5B8B91634E45F00C7C1C8 /* Improve-Prefix.pch */,
			);
			name = "Supporting Files";
			sourceTree = "<group>";
		};
/* End PBXGroup section */

/* Begin PBXNativeTarget section */
		0EC5B8A61634E45F00C7C1C8 /* Improve */ = {
			isa = PBXNativeTarget;
			buildConfigurationList = 0EC5B8C51634E45F00C7C1C8 /* Build configuration list for PBXNativeTarget "Improve" */;
			buildPhases = (
				0EC5B8A31634E45F00C7C1C8 /* Sources */,
				0EC5B8A41634E45F00C7C1C8 /* Frameworks */,
				0EC5B8A51634E45F00C7C1C8 /* Resources */,
			);
			buildRules = (
			);
			dependencies = (
			);
			name = Improve;
			productName = Improve;
			productReference = 0EC5B8A71634E45F00C7C1C8 /* Improve.app */;
			productType = "com.apple.product-type.application";
		};
/* End PBXNativeTarget section */

/* Begin PBXProject section */
		0EC5B89E1634E45F00C7C1C8 /* Project object */ = {
			isa = PBXProject;
			attributes = {
				LastUpgradeCheck = 0430;
			};
			buildConfigurationList = 0EC5B8A11634E45F00C7C1C8 /* Build configuration list for PBXProject "Improve" */;
			compatibilityVersion = "Xcode 3.2";
			developmentRegion = English;
			hasScannedForEncodings = 0;
			knownRegions = (
				en,
			);
			mainGroup = 0EC5B89C1634E45F00C7C1C8;
			productRefGroup = 0EC5B8A81634E45F00C7C1C8 /* Products */;
			projectDirPath = "";
			projectRoot = "";
			targets = (
				0EC5B8A61634E45F00C7C1C8 /* Improve */,
			);
		};
/* End PBXProject section */

/* Begin PBXResourcesBuildPhase section */
		0EC5B8A51634E45F00C7C1C8 /* Resources */ = {
			isa = PBXResourcesBuildPhase;
			buildActionMask = 2147483647;
			files = (
				0EC5B8B61634E45F00C7C1C8 /* InfoPlist.strings in Resources */,
				0EC5B8C21634E45F00C7C1C8 /* ViewController.xib in Resources */,
			);
			runOnlyForDeploymentPostprocessing = 0;
		};
/* End PBXResourcesBuildPhase section */

/* Begin PBXSourcesBuildPhase section */
		0EC5B8A31634E45F00C7C1C8 /* Sources */ = {
			isa = PBXSourcesBuildPhase;
			buildActionMask = 2147483647;
			files = (
				0EC5B8B81634E45F00C7C1C8 /* main.m in Sources */,
				0EC5B8BC1634E45F00C7C1C8 /* AppDelegate.m in Sources */,
				0EC5B8BF1634E45F00C7C1C8 /* ViewController.m in Sources */,
			);
			runOnlyForDeploymentPostprocessing = 0;
		};
/* End PBXSourcesBuildPhase section */

/* Begin PBXVariantGroup section */
		0EC5B8B41634E45F00C7C1C8 /* InfoPlist.strings */ = {
			isa = PBXVariantGroup;
			children = (
				0EC5B8B51634E45F00C7C1C8 /* en */,
			);
			name = InfoPlist.strings;
			sourceTree = "<group>";
		};
		0EC5B8C01634E45F00C7C1C8 /* ViewController.xib */ = {
			isa = PBXVariantGroup;
			children = (
				0EC5B8C11634E45F00C7C1C8 /* en */,
			);
			name = ViewController.xib;
			sourceTree = "<group>";
		};
/* End PBXVariantGroup section */

/* Begin XCBuildConfiguration section */
		0EC5B8C31634E45F00C7C1C8 /* Debug */ = {
			isa = XCBuildConfiguration;
			buildSettings = {
				ALWAYS_SEARCH_USER_PATHS = NO;
				ARCHS = "$(ARCHS_STANDARD_32_BIT)";
				CLANG_ENABLE_OBJC_ARC = YES;
				"CODE_SIGN_IDENTITY[sdk=iphoneos*]" = "iPhone Developer";
				COPY_PHASE_STRIP = NO;
				GCC_C_LANGUAGE_STANDARD = gnu99;
				GCC_DYNAMIC_NO_PIC = NO;
				GCC_OPTIMIZATION_LEVEL = 0;
				GCC_PREPROCESSOR_DEFINITIONS = (
					"DEBUG=1",
					"$(inherited)",
				);
				GCC_SYMBOLS_PRIVATE_EXTERN = NO;
				GCC_VERSION = com.apple.compilers.llvm.clang.1_0;
				GCC_WARN_ABOUT_RETURN_TYPE = YES;
				GCC_WARN_UNINITIALIZED_AUTOS = YES;
				GCC_WARN_UNUSED_VARIABLE = YES;
				IPHONEOS_DEPLOYMENT_TARGET = 5.1;
				SDKROOT = iphoneos;
			};
			name = Debug;
		};
		0EC5B8C41634E45F00C7C1C8 /* Release */ = {
			isa = XCBuildConfiguration;
			buildSettings = {
				ALWAYS_SEARCH_USER_PATHS = NO;
				ARCHS = "$(ARCHS_STANDARD_32_BIT)";
				CLANG_ENABLE_OBJC_ARC = YES;
				"CODE_SIGN_IDENTITY[sdk=iphoneos*]" = "iPhone Developer";
				COPY_PHASE_STRIP = YES;
				GCC_C_LANGUAGE_STANDARD = gnu99;
				GCC_VERSION = com.apple.compilers.llvm.clang.1_0;
				GCC_WARN_ABOUT_RETURN_TYPE = YES;
				GCC_WARN_UNINITIALIZED_AUTOS = YES;
				GCC_WARN_UNUSED_VARIABLE = YES;
				IPHONEOS_DEPLOYMENT_TARGET = 5.1;
				OTHER_CFLAGS = "-DNS_BLOCK_ASSERTIONS=1";
				SDKROOT = iphoneos;
				VALIDATE_PRODUCT = YES;
			};
			name = Release;
		};
		0EC5B8C61634E45F00C7C1C8 /* Debug */ = {
			isa = XCBuildConfiguration;
			buildSettings = {
				GCC_PRECOMPILE_PREFIX_HEADER = YES;
				GCC_PREFIX_HEADER = "Improve/Improve-Prefix.pch";
				INFOPLIST_FILE = "Improve/Improve-Info.plist";
				PRODUCT_NAME = "$(TARGET_NAME)";
				WRAPPER_EXTENSION = app;
			};
			name = Debug;
		};
		0EC5B8C71634E45F00C7C1C8 /* Release */ = {
			isa = XCBuildConfiguration;
			buildSettings = {
				GCC_PRECOMPILE_PREFIX_HEADER = YES;
				GCC_PREFIX_HEADER = "Improve/Improve-Prefix.pch";
				INFOPLIST_FILE = "Improve/Improve-Info.plist";
				PRODUCT_NAME = "$(TARGET_NAME)";
				WRAPPER_EXTENSION = app;
			};
			name = Release;
		};
/* End XCBuildConfiguration section */

/* Begin XCConfigurationList section */
		0EC5B8A11634E45F00C7C1C8 /* Build configuration list for PBXProject "Improve" */ = {
			isa = XCConfigurationList;
			buildConfigurations = (
				0EC5B8C31634E45F00C7C1C8 /* Debug */,
				0EC5B8C41634E45F00C7C1C8 /* Release */,
			);
			defaultConfigurationIsVisible = 0;
			defaultConfigurationName = Release;
		};
		0EC5B8C51634E45F00C7C1C8 /* Build configuration list for PBXNativeTarget "Improve" */ = {
			isa = XCConfigurationList;
			buildConfigurations = (
				0EC5B8C61634E45F00C7C1C8 /* Debug */,
				0EC5B8C71634E45F00C7C1C8 /* Release */,
			);
			defaultConfigurationIsVisible = 0;
		};
/* End XCConfigurationList section */
	};
	rootObject = 0EC5B89E1634E45F00C7C1C8 /* Project object */;
}
